Microsoft Visual Studio Solution File, Format Version 12.00
# Visual Studio Version 17
VisualStudioVersion = 17.5.2.0
MinimumVisualStudioVersion = 10.0.40219.1
Project("{FAE04EC0-301F-11D3-BF4B-00C04F79EFBC}") = "Proyecto-Final_PrograIV", "Proyecto-Final_PrograIV.csproj", "{619B0C11-76F9-C4B1-6456-755F970D269B}"
EndProject
Global
	GlobalSection(SolutionConfigurationPlatforms) = preSolution
		Debug|Any CPU = Debug|Any CPU
		Release|Any CPU = Release|Any CPU
	EndGlobalSection
	GlobalSection(ProjectConfigurationPlatforms) = postSolution
		{619B0C11-76F9-C4B1-6456-755F970D269B}.Debug|Any CPU.ActiveCfg = Debug|Any CPU
		{619B0C11-76F9-C4B1-6456-755F970D269B}.Debug|Any CPU.Build.0 = Debug|Any CPU
		{619B0C11-76F9-C4B1-6456-755F970D269B}.Release|Any CPU.ActiveCfg = Release|Any CPU
		{619B0C11-76F9-C4B1-6456-755F970D269B}.Release|Any CPU.Build.0 = Release|Any CPU
	EndGlobalSection
	GlobalSection(SolutionProperties) = preSolution
		HideSolutionNode = FALSE
	EndGlobalSection
	GlobalSection(ExtensibilityGlobals) = postSolution
		SolutionGuid = {25504276-13C3-4DD5-88E0-0E2D6BDF2B79}
	EndGlobalSection
EndGlobal
